
Microsoft Visual Studio Solution File, Format Version 12.00
# Visual Studio 15
VisualStudioVersion = 15.0.28307.1145
MinimumVisualStudioVersion = 10.0.40219.1
Project("{888888A0-9F3D-457C-B088-3A5042F75D52}") = "AI_Training", "AI_Training\AI_Training.pyproj", "{E5774CAF-3B9D-4F0B-A775-4A82407A6AA5}"
EndProject
Global
	GlobalSection(SolutionConfigurationPlatforms) = preSolution
		Debug|Any CPU = Debug|Any CPU
		Release|Any CPU = Release|Any CPU
	EndGlobalSection
	GlobalSection(ProjectConfigurationPlatforms) = postSolution
		{E5774CAF-3B9D-4F0B-A775-4A82407A6AA5}.Debug|Any CPU.ActiveCfg = Debug|Any CPU
		{E5774CAF-3B9D-4F0B-A775-4A82407A6AA5}.Release|Any CPU.ActiveCfg = Release|Any CPU
	EndGlobalSection
	GlobalSection(SolutionProperties) = preSolution
		HideSolutionNode = FALSE
	EndGlobalSection
	GlobalSection(ExtensibilityGlobals) = postSolution
		SolutionGuid = {68A9EBAC-E6C2-4F05-B51B-E3D162D439ED}
	EndGlobalSection
EndGlobal
